{
  "name": "grrshoppee",
  "lockfileVersion": 2,
  "requires": true,
  "packages": {
    "": {
      "dependencies": {
        "@picocss/pico": "^1.4.3"
      }
    },
    "node_modules/@picocss/pico": {
      "version": "1.4.3",
      "resolved": "https://registry.npmjs.org/@picocss/pico/-/pico-1.4.3.tgz",
      "integrity": "sha512-tKQAYkyk24qTbnwgbFvtytnwr/D/BpIwAiQsFq5GIXGKvTpW+JSfJa7jv7Ovn92zwUMnr9mWtdvzijtdjX4WHg=="
    }
  },
  "dependencies": {
    "@picocss/pico": {
      "version": "1.4.3",
      "resolved": "https://registry.npmjs.org/@picocss/pico/-/pico-1.4.3.tgz",
      "integrity": "sha512-tKQAYkyk24qTbnwgbFvtytnwr/D/BpIwAiQsFq5GIXGKvTpW+JSfJa7jv7Ovn92zwUMnr9mWtdvzijtdjX4WHg=="
    }
  }
}
